
Microsoft Visual Studio Solution File, Format Version 12.00
# Visual Studio Version 17
VisualStudioVersion = 17.5.33502.453
MinimumVisualStudioVersion = 10.0.40219.1
Project("{FAE04EC0-301F-11D3-BF4B-00C04F79EFBC}") = "firstPractice", "firstPractice.csproj", "{F950E70C-06FC-40BB-AB07-2277BC8E55E5}"
EndProject
Global
	GlobalSection(SolutionConfigurationPlatforms) = preSolution
		Debug|Any CPU = Debug|Any CPU
		Release|Any CPU = Release|Any CPU
	EndGlobalSection
	GlobalSection(ProjectConfigurationPlatforms) = postSolution
		{F950E70C-06FC-40BB-AB07-2277BC8E55E5}.Debug|Any CPU.ActiveCfg = Debug|Any CPU
		{F950E70C-06FC-40BB-AB07-2277BC8E55E5}.Debug|Any CPU.Build.0 = Debug|Any CPU
		{F950E70C-06FC-40BB-AB07-2277BC8E55E5}.Release|Any CPU.ActiveCfg = Release|Any CPU
		{F950E70C-06FC-40BB-AB07-2277BC8E55E5}.Release|Any CPU.Build.0 = Release|Any CPU
	EndGlobalSection
	GlobalSection(SolutionProperties) = preSolution
		HideSolutionNode = FALSE
	EndGlobalSection
	GlobalSection(ExtensibilityGlobals) = postSolution
		SolutionGuid = {2B47CEA2-A573-4ED4-96E5-D408A1C23561}
	EndGlobalSection
EndGlobal
